// !$*UTF8*$!
{
	archiveVersion = 1;
	classes = {
	};
	objectVersion = 46;
	objects = {

/* Begin PBXBuildFile section */
		41BB4CE31F03006700B94B52 /* AppDelegate.m in Sources */ = {isa = PBXBuildFile; fileRef = 41BB4CE21F03006700B94B52 /* AppDelegate.m */; };
		41BB4CE61F03006700B94B52 /* main.m in Sources */ = {isa = PBXBuildFile; fileRef = 41BB4CE51F03006700B94B52 /* main.m */; };
		41BB4CE91F03006700B94B52 /* ViewController.m in Sources */ = {isa = PBXBuildFile; fileRef = 41BB4CE81F03006700B94B52 /* ViewController.m */; };
		41BB4CEB1F03006700B94B52 /* Assets.xcassets in Resources */ = {isa = PBXBuildFile; fileRef = 41BB4CEA1F03006700B94B52 /* Assets.xcassets */; };
		41BB4CEE1F03006700B94B52 /* Main.storyboard in Resources */ = {isa = PBXBuildFile; fileRef = 41BB4CEC1F03006700B94B52 /* Main.storyboard */; };
		41BB4CFA1F03014700B94B52 /* NSVKeyCertExtractor.m in Sources */ = {isa = PBXBuildFile; fileRef = 41BB4CF91F03014700B94B52 /* NSVKeyCertExtractor.m */; };
		41BB4CFD1F03020A00B94B52 /* NSVCKeyCertExtractor.m in Sources */ = {isa = PBXBuildFile; fileRef = 41BB4CFC1F03020A00B94B52 /* NSVCKeyCertExtractor.m */; };
		41BB4CFF1F03136D00B94B52 /* ssl-encryption-icon-png-24.png in Resources */ = {isa = PBXBuildFile; fileRef = 41BB4CFE1F03136D00B94B52 /* ssl-encryption-icon-png-24.png */; };
		41BB4D021F03155700B94B52 /* success.icns in Resources */ = {isa = PBXBuildFile; fileRef = 41BB4D001F03155700B94B52 /* success.icns */; };
		41BB4D031F03155700B94B52 /* error.icns in Resources */ = {isa = PBXBuildFile; fileRef = 41BB4D011F03155700B94B52 /* error.icns */; };
		41BB4D061F0315B100B94B52 /* error.png in Resources */ = {isa = PBXBuildFile; fileRef = 41BB4D041F0315B100B94B52 /* error.png */; };
		41BB4D071F0315B100B94B52 /* success.png in Resources */ = {isa = PBXBuildFile; fileRef = 41BB4D051F0315B100B94B52 /* success.png */; };
		41BB4D091F031B7700B94B52 /* ssl-encryption-icon-png-24.icns in Resources */ = {isa = PBXBuildFile; fileRef = 41BB4D081F031B7700B94B52 /* ssl-encryption-icon-png-24.icns */; };
		41BB4D0C1F032D8800B94B52 /* NSWCKeyExtractor.m in Sources */ = {isa = PBXBuildFile; fileRef = 41BB4D0B1F032D8800B94B52 /* NSWCKeyExtractor.m */; };
/* End PBXBuildFile section */

/* Begin PBXFileReference section */
		41BB4CDE1F03006700B94B52 /* KeyCertExtractor.app */ = {isa = PBXFileReference; explicitFileType = wrapper.application; includeInIndex = 0; path = KeyCertExtractor.app; sourceTree = BUILT_PRODUCTS_DIR; };
		41BB4CE11F03006700B94B52 /* AppDelegate.h */ = {isa = PBXFileReference; lastKnownFileType = sourcecode.c.h; path = AppDelegate.h; sourceTree = "<group>"; };
		41BB4CE21F03006700B94B52 /* AppDelegate.m */ = {isa = PBXFileReference; lastKnownFileType = sourcecode.c.objc; path = AppDelegate.m; sourceTree = "<group>"; };
		41BB4CE51F03006700B94B52 /* main.m */ = {isa = PBXFileReference; lastKnownFileType = sourcecode.c.objc; path = main.m; sourceTree = "<group>"; };
		41BB4CE71F03006700B94B52 /* ViewController.h */ = {isa = PBXFileReference; lastKnownFileType = sourcecode.c.h; path = ViewController.h; sourceTree = "<group>"; };
		41BB4CE81F03006700B94B52 /* ViewController.m */ = {isa = PBXFileReference; lastKnownFileType = sourcecode.c.objc; path = ViewController.m; sourceTree = "<group>"; };
		41BB4CEA1F03006700B94B52 /* Assets.xcassets */ = {isa = PBXFileReference; lastKnownFileType = folder.assetcatalog; path = Assets.xcassets; sourceTree = "<group>"; };
		41BB4CEF1F03006700B94B52 /* Info.plist */ = {isa = PBXFileReference; lastKnownFileType = text.plist.xml; path = Info.plist; sourceTree = "<group>"; };
		41BB4CF81F03014700B94B52 /* NSVKeyCertExtractor.h */ = {isa = PBXFileReference; fileEncoding = 4; lastKnownFileType = sourcecode.c.h; path = NSVKeyCertExtractor.h; sourceTree = "<group>"; };
		41BB4CF91F03014700B94B52 /* NSVKeyCertExtractor.m */ = {isa = PBXFileReference; fileEncoding = 4; lastKnownFileType = sourcecode.c.objc; path = NSVKeyCertExtractor.m; sourceTree = "<group>"; };
		41BB4CFB1F03020A00B94B52 /* NSVCKeyCertExtractor.h */ = {isa = PBXFileReference; fileEncoding = 4; lastKnownFileType = sourcecode.c.h; path = NSVCKeyCertExtractor.h; sourceTree = "<group>"; };
		41BB4CFC1F03020A00B94B52 /* NSVCKeyCertExtractor.m */ = {isa = PBXFileReference; fileEncoding = 4; lastKnownFileType = sourcecode.c.objc; path = NSVCKeyCertExtractor.m; sourceTree = "<group>"; };
		41BB4CFE1F03136D00B94B52 /* ssl-encryption-icon-png-24.png */ = {isa = PBXFileReference; lastKnownFileType = image.png; path = "ssl-encryption-icon-png-24.png"; sourceTree = "<group>"; };
		41BB4D001F03155700B94B52 /* success.icns */ = {isa = PBXFileReference; lastKnownFileType = image.icns; path = success.icns; sourceTree = "<group>"; };
		41BB4D011F03155700B94B52 /* error.icns */ = {isa = PBXFileReference; lastKnownFileType = image.icns; path = error.icns; sourceTree = "<group>"; };
		41BB4D041F0315B100B94B52 /* error.png */ = {isa = PBXFileReference; lastKnownFileType = image.png; path = error.png; sourceTree = "<group>"; };
		41BB4D051F0315B100B94B52 /* success.png */ = {isa = PBXFileReference; lastKnownFileType = image.png; path = success.png; sourceTree = "<group>"; };
		41BB4D081F031B7700B94B52 /* ssl-encryption-icon-png-24.icns */ = {isa = PBXFileReference; lastKnownFileType = image.icns; path = "ssl-encryption-icon-png-24.icns"; sourceTree = "<group>"; };
		41BB4D0A1F032D8800B94B52 /* NSWCKeyExtractor.h */ = {isa = PBXFileReference; fileEncoding = 4; lastKnownFileType = sourcecode.c.h; path = NSWCKeyExtractor.h; sourceTree = "<group>"; };
		41BB4D0B1F032D8800B94B52 /* NSWCKeyExtractor.m */ = {isa = PBXFileReference; fileEncoding = 4; lastKnownFileType = sourcecode.c.objc; path = NSWCKeyExtractor.m; sourceTree = "<group>"; };
		41BB4D0F1F0337F400B94B52 /* en */ = {isa = PBXFileReference; lastKnownFileType = file.storyboard; name = en; path = en.lproj/Main.storyboard; sourceTree = "<group>"; };
/* End PBXFileReference section */

/* Begin PBXFrameworksBuildPhase section */
		41BB4CDB1F03006700B94B52 /* Frameworks */ = {
			isa = PBXFrameworksBuildPhase;
			buildActionMask = 2147483647;
			files = (
			);
			runOnlyForDeploymentPostprocessing = 0;
		};
/* End PBXFrameworksBuildPhase section */

/* Begin PBXGroup section */
		41BB4CD51F03006700B94B52 = {
			isa = PBXGroup;
			children = (
				41BB4CE01F03006700B94B52 /* KeyCertExtractor */,
				41BB4CDF1F03006700B94B52 /* Products */,
			);
			sourceTree = "<group>";
		};
		41BB4CDF1F03006700B94B52 /* Products */ = {
			isa = PBXGroup;
			children = (
				41BB4CDE1F03006700B94B52 /* KeyCertExtractor.app */,
			);
			name = Products;
			sourceTree = "<group>";
		};
		41BB4CE01F03006700B94B52 /* KeyCertExtractor */ = {
			isa = PBXGroup;
			children = (
				41BB4CE11F03006700B94B52 /* AppDelegate.h */,
				41BB4CE21F03006700B94B52 /* AppDelegate.m */,
				41BB4CE71F03006700B94B52 /* ViewController.h */,
				41BB4CE81F03006700B94B52 /* ViewController.m */,
				41BB4CEA1F03006700B94B52 /* Assets.xcassets */,
				41BB4CEC1F03006700B94B52 /* Main.storyboard */,
				41BB4CEF1F03006700B94B52 /* Info.plist */,
				41BB4CE41F03006700B94B52 /* Supporting Files */,
				41BB4CFB1F03020A00B94B52 /* NSVCKeyCertExtractor.h */,
				41BB4CFC1F03020A00B94B52 /* NSVCKeyCertExtractor.m */,
				41BB4CF81F03014700B94B52 /* NSVKeyCertExtractor.h */,
				41BB4CF91F03014700B94B52 /* NSVKeyCertExtractor.m */,
				41BB4D0A1F032D8800B94B52 /* NSWCKeyExtractor.h */,
				41BB4D0B1F032D8800B94B52 /* NSWCKeyExtractor.m */,
			);
			path = KeyCertExtractor;
			sourceTree = "<group>";
		};
		41BB4CE41F03006700B94B52 /* Supporting Files */ = {
			isa = PBXGroup;
			children = (
				41BB4D081F031B7700B94B52 /* ssl-encryption-icon-png-24.icns */,
				41BB4D041F0315B100B94B52 /* error.png */,
				41BB4D051F0315B100B94B52 /* success.png */,
				41BB4D001F03155700B94B52 /* success.icns */,
				41BB4D011F03155700B94B52 /* error.icns */,
				41BB4CFE1F03136D00B94B52 /* ssl-encryption-icon-png-24.png */,
				41BB4CE51F03006700B94B52 /* main.m */,
			);
			name = "Supporting Files";
			sourceTree = "<group>";
		};
/* End PBXGroup section */

/* Begin PBXNativeTarget section */
		41BB4CDD1F03006700B94B52 /* KeyCertExtractor */ = {
			isa = PBXNativeTarget;
			buildConfigurationList = 41BB4CF21F03006700B94B52 /* Build configuration list for PBXNativeTarget "KeyCertExtractor" */;
			buildPhases = (
				41BB4CDA1F03006700B94B52 /* Sources */,
				41BB4CDB1F03006700B94B52 /* Frameworks */,
				41BB4CDC1F03006700B94B52 /* Resources */,
			);
			buildRules = (
			);
			dependencies = (
			);
			name = KeyCertExtractor;
			productName = KeyCertExtractor;
			productReference = 41BB4CDE1F03006700B94B52 /* KeyCertExtractor.app */;
			productType = "com.apple.product-type.application";
		};
/* End PBXNativeTarget section */

/* Begin PBXProject section */
		41BB4CD61F03006700B94B52 /* Project object */ = {
			isa = PBXProject;
			attributes = {
				LastUpgradeCheck = 0830;
				ORGANIZATIONNAME = "Nyteshade Enterprises";
				TargetAttributes = {
					41BB4CDD1F03006700B94B52 = {
						CreatedOnToolsVersion = 8.3.3;
						DevelopmentTeam = 4HK2NGRWKW;
						ProvisioningStyle = Automatic;
					};
				};
			};
			buildConfigurationList = 41BB4CD91F03006700B94B52 /* Build configuration list for PBXProject "KeyCertExtractor" */;
			compatibilityVersion = "Xcode 3.2";
			developmentRegion = English;
			hasScannedForEncodings = 0;
			knownRegions = (
				en,
				Base,
			);
			mainGroup = 41BB4CD51F03006700B94B52;
			productRefGroup = 41BB4CDF1F03006700B94B52 /* Products */;
			projectDirPath = "";
			projectRoot = "";
			targets = (
				41BB4CDD1F03006700B94B52 /* KeyCertExtractor */,
			);
		};
/* End PBXProject section */

/* Begin PBXResourcesBuildPhase section */
		41BB4CDC1F03006700B94B52 /* Resources */ = {
			isa = PBXResourcesBuildPhase;
			buildActionMask = 2147483647;
			files = (
				41BB4D031F03155700B94B52 /* error.icns in Resources */,
				41BB4D071F0315B100B94B52 /* success.png in Resources */,
				41BB4D021F03155700B94B52 /* success.icns in Resources */,
				41BB4D061F0315B100B94B52 /* error.png in Resources */,
				41BB4CEB1F03006700B94B52 /* Assets.xcassets in Resources */,
				41BB4CFF1F03136D00B94B52 /* ssl-encryption-icon-png-24.png in Resources */,
				41BB4CEE1F03006700B94B52 /* Main.storyboard in Resources */,
				41BB4D091F031B7700B94B52 /* ssl-encryption-icon-png-24.icns in Resources */,
			);
			runOnlyForDeploymentPostprocessing = 0;
		};
/* End PBXResourcesBuildPhase section */

/* Begin PBXSourcesBuildPhase section */
		41BB4CDA1F03006700B94B52 /* Sources */ = {
			isa = PBXSourcesBuildPhase;
			buildActionMask = 2147483647;
			files = (
				41BB4CE91F03006700B94B52 /* ViewController.m in Sources */,
				41BB4CE61F03006700B94B52 /* main.m in Sources */,
				41BB4CE31F03006700B94B52 /* AppDelegate.m in Sources */,
				41BB4CFA1F03014700B94B52 /* NSVKeyCertExtractor.m in Sources */,
				41BB4CFD1F03020A00B94B52 /* NSVCKeyCertExtractor.m in Sources */,
				41BB4D0C1F032D8800B94B52 /* NSWCKeyExtractor.m in Sources */,
			);
			runOnlyForDeploymentPostprocessing = 0;
		};
/* End PBXSourcesBuildPhase section */

/* Begin PBXVariantGroup section */
		41BB4CEC1F03006700B94B52 /* Main.storyboard */ = {
			isa = PBXVariantGroup;
			children = (
				41BB4D0F1F0337F400B94B52 /* en */,
			);
			name = Main.storyboard;
			sourceTree = "<group>";
		};
/* End PBXVariantGroup section */

/* Begin XCBuildConfiguration section */
		41BB4CF01F03006700B94B52 /* Debug */ = {
			isa = XCBuildConfiguration;
			buildSettings = {
				ALWAYS_SEARCH_USER_PATHS = NO;
				CLANG_ANALYZER_NONNULL = YES;
				CLANG_ANALYZER_NUMBER_OBJECT_CONVERSION = YES_AGGRESSIVE;
				CLANG_CXX_LANGUAGE_STANDARD = "gnu++0x";
				CLANG_CXX_LIBRARY = "libc++";
				CLANG_ENABLE_MODULES = YES;
				CLANG_ENABLE_OBJC_ARC = YES;
				CLANG_WARN_BOOL_CONVERSION = YES;
				CLANG_WARN_CONSTANT_CONVERSION = YES;
				CLANG_WARN_DIRECT_OBJC_ISA_USAGE = YES_ERROR;
				CLANG_WARN_DOCUMENTATION_COMMENTS = YES;
				CLANG_WARN_EMPTY_BODY = YES;
				CLANG_WARN_ENUM_CONVERSION = YES;
				CLANG_WARN_INFINITE_RECURSION = YES;
				CLANG_WARN_INT_CONVERSION = YES;
				CLANG_WARN_OBJC_ROOT_CLASS = YES_ERROR;
				CLANG_WARN_SUSPICIOUS_MOVE = YES;
				CLANG_WARN_UNREACHABLE_CODE = YES;
				CLANG_WARN__DUPLICATE_METHOD_MATCH = YES;
				CODE_SIGN_IDENTITY = "-";
				COPY_PHASE_STRIP = NO;
				DEBUG_INFORMATION_FORMAT = dwarf;
				ENABLE_STRICT_OBJC_MSGSEND = YES;
				ENABLE_TESTABILITY = YES;
				GCC_C_LANGUAGE_STANDARD = gnu99;
				GCC_DYNAMIC_NO_PIC = NO;
				GCC_NO_COMMON_BLOCKS = YES;
				GCC_OPTIMIZATION_LEVEL = 0;
				GCC_PREPROCESSOR_DEFINITIONS = (
					"DEBUG=1",
					"$(inherited)",
				);
				GCC_WARN_64_TO_32_BIT_CONVERSION = YES;
				GCC_WARN_ABOUT_RETURN_TYPE = YES_ERROR;
				GCC_WARN_UNDECLARED_SELECTOR = YES;
				GCC_WARN_UNINITIALIZED_AUTOS = YES_AGGRESSIVE;
				GCC_WARN_UNUSED_FUNCTION = YES;
				GCC_WARN_UNUSED_VARIABLE = YES;
				MACOSX_DEPLOYMENT_TARGET = 10.7;
				MTL_ENABLE_DEBUG_INFO = YES;
				ONLY_ACTIVE_ARCH = YES;
				SDKROOT = macosx;
			};
			name = Debug;
		};
		41BB4CF11F03006700B94B52 /* Release */ = {
			isa = XCBuildConfiguration;
			buildSettings = {
				ALWAYS_SEARCH_USER_PATHS = NO;
				CLANG_ANALYZER_NONNULL = YES;
				CLANG_ANALYZER_NUMBER_OBJECT_CONVERSION = YES_AGGRESSIVE;
				CLANG_CXX_LANGUAGE_STANDARD = "gnu++0x";
				CLANG_CXX_LIBRARY = "libc++";
				CLANG_ENABLE_MODULES = YES;
				CLANG_ENABLE_OBJC_ARC = YES;
				CLANG_WARN_BOOL_CONVERSION = YES;
				CLANG_WARN_CONSTANT_CONVERSION = YES;
				CLANG_WARN_DIRECT_OBJC_ISA_USAGE = YES_ERROR;
				CLANG_WARN_DOCUMENTATION_COMMENTS = YES;
				CLANG_WARN_EMPTY_BODY = YES;
				CLANG_WARN_ENUM_CONVERSION = YES;
				CLANG_WARN_INFINITE_RECURSION = YES;
				CLANG_WARN_INT_CONVERSION = YES;
				CLANG_WARN_OBJC_ROOT_CLASS = YES_ERROR;
				CLANG_WARN_SUSPICIOUS_MOVE = YES;
				CLANG_WARN_UNREACHABLE_CODE = YES;
				CLANG_WARN__DUPLICATE_METHOD_MATCH = YES;
				CODE_SIGN_IDENTITY = "-";
				COPY_PHASE_STRIP = NO;
				DEBUG_INFORMATION_FORMAT = "dwarf-with-dsym";
				ENABLE_NS_ASSERTIONS = NO;
				ENABLE_STRICT_OBJC_MSGSEND = YES;
				GCC_C_LANGUAGE_STANDARD = gnu99;
				GCC_NO_COMMON_BLOCKS = YES;
				GCC_WARN_64_TO_32_BIT_CONVERSION = YES;
				GCC_WARN_ABOUT_RETURN_TYPE = YES_ERROR;
				GCC_WARN_UNDECLARED_SELECTOR = YES;
				GCC_WARN_UNINITIALIZED_AUTOS = YES_AGGRESSIVE;
				GCC_WARN_UNUSED_FUNCTION = YES;
				GCC_WARN_UNUSED_VARIABLE = YES;
				MACOSX_DEPLOYMENT_TARGET = 10.7;
				MTL_ENABLE_DEBUG_INFO = NO;
				SDKROOT = macosx;
			};
			name = Release;
		};
		41BB4CF31F03006700B94B52 /* Debug */ = {
			isa = XCBuildConfiguration;
			buildSettings = {
				ASSETCATALOG_COMPILER_APPICON_NAME = AppIcon;
				CODE_SIGN_IDENTITY = "Mac Developer";
				COMBINE_HIDPI_IMAGES = YES;
				DEVELOPMENT_TEAM = 4HK2NGRWKW;
				INFOPLIST_FILE = KeyCertExtractor/Info.plist;
				LD_RUNPATH_SEARCH_PATHS = "$(inherited) @executable_path/../Frameworks";
				MACOSX_DEPLOYMENT_TARGET = 10.7;
				PRODUCT_BUNDLE_IDENTIFIER = com.nyteshade.KeyCertExtractor;
				PRODUCT_NAME = "$(TARGET_NAME)";
				PROVISIONING_PROFILE_SPECIFIER = "";
			};
			name = Debug;
		};
		41BB4CF41F03006700B94B52 /* Release */ = {
			isa = XCBuildConfiguration;
			buildSettings = {
				ASSETCATALOG_COMPILER_APPICON_NAME = AppIcon;
				CODE_SIGN_IDENTITY = "Mac Developer";
				COMBINE_HIDPI_IMAGES = YES;
				DEVELOPMENT_TEAM = 4HK2NGRWKW;
				INFOPLIST_FILE = KeyCertExtractor/Info.plist;
				LD_RUNPATH_SEARCH_PATHS = "$(inherited) @executable_path/../Frameworks";
				MACOSX_DEPLOYMENT_TARGET = 10.7;
				PRODUCT_BUNDLE_IDENTIFIER = com.nyteshade.KeyCertExtractor;
				PRODUCT_NAME = "$(TARGET_NAME)";
				PROVISIONING_PROFILE_SPECIFIER = "";
			};
			name = Release;
		};
/* End XCBuildConfiguration section */

/* Begin XCConfigurationList section */
		41BB4CD91F03006700B94B52 /* Build configuration list for PBXProject "KeyCertExtractor" */ = {
			isa = XCConfigurationList;
			buildConfigurations = (
				41BB4CF01F03006700B94B52 /* Debug */,
				41BB4CF11F03006700B94B52 /* Release */,
			);
			defaultConfigurationIsVisible = 0;
			defaultConfigurationName = Release;
		};
		41BB4CF21F03006700B94B52 /* Build configuration list for PBXNativeTarget "KeyCertExtractor" */ = {
			isa = XCConfigurationList;
			buildConfigurations = (
				41BB4CF31F03006700B94B52 /* Debug */,
				41BB4CF41F03006700B94B52 /* Release */,
			);
			defaultConfigurationIsVisible = 0;
			defaultConfigurationName = Release;
		};
/* End XCConfigurationList section */
	};
	rootObject = 41BB4CD61F03006700B94B52 /* Project object */;
}
